
Microsoft Visual Studio Solution File, Format Version 12.00
# Visual Studio Version 16
VisualStudioVersion = 16.0.31105.61
MinimumVisualStudioVersion = 10.0.40219.1
Project("{9A19103F-16F7-4668-BE54-9A1E7A4F7556}") = "InternshipApplicationServer", "InternshipApplicationServer\InternshipApplicationServer.csproj", "{4AA08E19-2450-4DEA-870E-C46214546A5A}"
EndProject
Project("{9A19103F-16F7-4668-BE54-9A1E7A4F7556}") = "DataAcess", "DataAcess\DataAcess.csproj", "{971AFA95-EC0D-4408-9CC5-75B83EA36DF4}"
EndProject
Project("{9A19103F-16F7-4668-BE54-9A1E7A4F7556}") = "Utils", "Common\Utils.csproj", "{05488AC0-9182-4B8C-A011-F18A130CAE4F}"
EndProject
Project("{9A19103F-16F7-4668-BE54-9A1E7A4F7556}") = "Administration", "Administration\Administration.csproj", "{135A2CCF-E09F-4C69-890D-8305113FD966}"
EndProject
Project("{9A19103F-16F7-4668-BE54-9A1E7A4F7556}") = "Models", "Models\Models.csproj", "{D375BBE5-182B-4BDF-AA6F-816CA8A7B95C}"
EndProject
Project("{9A19103F-16F7-4668-BE54-9A1E7A4F7556}") = "InternshipManagmentAPI", "InternshipManagmentAPI\InternshipManagmentAPI.csproj", "{23C1505C-41DB-4E04-967B-82FE4CAFEEDC}"
EndProject
Project("{9A19103F-16F7-4668-BE54-9A1E7A4F7556}") = "InternshipApplicationClient", "InternshipApplicationClient\InternshipApplicationClient.csproj", "{462C2763-B352-41DB-B987-B4F94777056D}"
EndProject
Project("{FAE04EC0-301F-11D3-BF4B-00C04F79EFBC}") = "InternshipApplicationTests", "InternshipApplicationTests\InternshipApplicationTests.csproj", "{785D8510-CD3E-4AC4-93B5-F15196C7E3E9}"
EndProject
Global
	GlobalSection(SolutionConfigurationPlatforms) = preSolution
		Debug|Any CPU = Debug|Any CPU
		Release|Any CPU = Release|Any CPU
	EndGlobalSection
	GlobalSection(ProjectConfigurationPlatforms) = postSolution
		{4AA08E19-2450-4DEA-870E-C46214546A5A}.Debug|Any CPU.ActiveCfg = Debug|Any CPU
		{4AA08E19-2450-4DEA-870E-C46214546A5A}.Debug|Any CPU.Build.0 = Debug|Any CPU
		{4AA08E19-2450-4DEA-870E-C46214546A5A}.Release|Any CPU.ActiveCfg = Release|Any CPU
		{4AA08E19-2450-4DEA-870E-C46214546A5A}.Release|Any CPU.Build.0 = Release|Any CPU
		{971AFA95-EC0D-4408-9CC5-75B83EA36DF4}.Debug|Any CPU.ActiveCfg = Debug|Any CPU
		{971AFA95-EC0D-4408-9CC5-75B83EA36DF4}.Debug|Any CPU.Build.0 = Debug|Any CPU
		{971AFA95-EC0D-4408-9CC5-75B83EA36DF4}.Release|Any CPU.ActiveCfg = Release|Any CPU
		{971AFA95-EC0D-4408-9CC5-75B83EA36DF4}.Release|Any CPU.Build.0 = Release|Any CPU
		{05488AC0-9182-4B8C-A011-F18A130CAE4F}.Debug|Any CPU.ActiveCfg = Debug|Any CPU
		{05488AC0-9182-4B8C-A011-F18A130CAE4F}.Debug|Any CPU.Build.0 = Debug|Any CPU
		{05488AC0-9182-4B8C-A011-F18A130CAE4F}.Release|Any CPU.ActiveCfg = Release|Any CPU
		{05488AC0-9182-4B8C-A011-F18A130CAE4F}.Release|Any CPU.Build.0 = Release|Any CPU
		{135A2CCF-E09F-4C69-890D-8305113FD966}.Debug|Any CPU.ActiveCfg = Debug|Any CPU
		{135A2CCF-E09F-4C69-890D-8305113FD966}.Debug|Any CPU.Build.0 = Debug|Any CPU
		{135A2CCF-E09F-4C69-890D-8305113FD966}.Release|Any CPU.ActiveCfg = Release|Any CPU
		{135A2CCF-E09F-4C69-890D-8305113FD966}.Release|Any CPU.Build.0 = Release|Any CPU
		{D375BBE5-182B-4BDF-AA6F-816CA8A7B95C}.Debug|Any CPU.ActiveCfg = Debug|Any CPU
		{D375BBE5-182B-4BDF-AA6F-816CA8A7B95C}.Debug|Any CPU.Build.0 = Debug|Any CPU
		{D375BBE5-182B-4BDF-AA6F-816CA8A7B95C}.Release|Any CPU.ActiveCfg = Release|Any CPU
		{D375BBE5-182B-4BDF-AA6F-816CA8A7B95C}.Release|Any CPU.Build.0 = Release|Any CPU
		{23C1505C-41DB-4E04-967B-82FE4CAFEEDC}.Debug|Any CPU.ActiveCfg = Debug|Any CPU
		{23C1505C-41DB-4E04-967B-82FE4CAFEEDC}.Debug|Any CPU.Build.0 = Debug|Any CPU
		{23C1505C-41DB-4E04-967B-82FE4CAFEEDC}.Release|Any CPU.ActiveCfg = Release|Any CPU
		{23C1505C-41DB-4E04-967B-82FE4CAFEEDC}.Release|Any CPU.Build.0 = Release|Any CPU
		{462C2763-B352-41DB-B987-B4F94777056D}.Debug|Any CPU.ActiveCfg = Debug|Any CPU
		{462C2763-B352-41DB-B987-B4F94777056D}.Debug|Any CPU.Build.0 = Debug|Any CPU
		{462C2763-B352-41DB-B987-B4F94777056D}.Release|Any CPU.ActiveCfg = Release|Any CPU
		{462C2763-B352-41DB-B987-B4F94777056D}.Release|Any CPU.Build.0 = Release|Any CPU
		{785D8510-CD3E-4AC4-93B5-F15196C7E3E9}.Debug|Any CPU.ActiveCfg = Debug|Any CPU
		{785D8510-CD3E-4AC4-93B5-F15196C7E3E9}.Debug|Any CPU.Build.0 = Debug|Any CPU
		{785D8510-CD3E-4AC4-93B5-F15196C7E3E9}.Release|Any CPU.ActiveCfg = Release|Any CPU
		{785D8510-CD3E-4AC4-93B5-F15196C7E3E9}.Release|Any CPU.Build.0 = Release|Any CPU
	EndGlobalSection
	GlobalSection(SolutionProperties) = preSolution
		HideSolutionNode = FALSE
	EndGlobalSection
	GlobalSection(ExtensibilityGlobals) = postSolution
		SolutionGuid = {99BBA959-B20C-46A8-9E46-AE7A9942657D}
	EndGlobalSection
EndGlobal
